
Microsoft Visual Studio Solution File, Format Version 12.00
# Visual Studio Version 17
VisualStudioVersion = 17.7.34031.279
MinimumVisualStudioVersion = 10.0.40219.1
Project("{FAE04EC0-301F-11D3-BF4B-00C04F79EFBC}") = "ApiExamen", "ApiExamen.csproj", "{C49FC8A2-1779-4DDF-9E0C-9CE2C2DF9942}"
EndProject
Global
	GlobalSection(SolutionConfigurationPlatforms) = preSolution
		Debug|Any CPU = Debug|Any CPU
		Release|Any CPU = Release|Any CPU
	EndGlobalSection
	GlobalSection(ProjectConfigurationPlatforms) = postSolution
		{C49FC8A2-1779-4DDF-9E0C-9CE2C2DF9942}.Debug|Any CPU.ActiveCfg = Debug|Any CPU
		{C49FC8A2-1779-4DDF-9E0C-9CE2C2DF9942}.Debug|Any CPU.Build.0 = Debug|Any CPU
		{C49FC8A2-1779-4DDF-9E0C-9CE2C2DF9942}.Release|Any CPU.ActiveCfg = Release|Any CPU
		{C49FC8A2-1779-4DDF-9E0C-9CE2C2DF9942}.Release|Any CPU.Build.0 = Release|Any CPU
	EndGlobalSection
	GlobalSection(SolutionProperties) = preSolution
		HideSolutionNode = FALSE
	EndGlobalSection
	GlobalSection(ExtensibilityGlobals) = postSolution
		SolutionGuid = {B7679409-C870-430C-96A2-95F099F8F489}
	EndGlobalSection
EndGlobal
